// !$*UTF8*$!
{
	archiveVersion = 1;
	classes = {
	};
	objectVersion = 46;
	objects = {

/* Begin PBXBuildFile section */
		A56335581E35195C0007C074 /* ProgressViewController.swift in Sources */ = {isa = PBXBuildFile; fileRef = A56335571E35195C0007C074 /* ProgressViewController.swift */; };
		A563355B1E351A6C0007C074 /* dailyTableViewCell.swift in Sources */ = {isa = PBXBuildFile; fileRef = A563355A1E351A6C0007C074 /* dailyTableViewCell.swift */; };
		A563355D1E351EEA0007C074 /* weeklyTableViewCell.swift in Sources */ = {isa = PBXBuildFile; fileRef = A563355C1E351EEA0007C074 /* weeklyTableViewCell.swift */; };
		A563355F1E351EF80007C074 /* monthlyTableViewCell.swift in Sources */ = {isa = PBXBuildFile; fileRef = A563355E1E351EF80007C074 /* monthlyTableViewCell.swift */; };
		A56335611E351F050007C074 /* yearlyTableViewCell.swift in Sources */ = {isa = PBXBuildFile; fileRef = A56335601E351F050007C074 /* yearlyTableViewCell.swift */; };
		A56335631E3525E00007C074 /* inputViewController.swift in Sources */ = {isa = PBXBuildFile; fileRef = A56335621E3525E00007C074 /* inputViewController.swift */; };
		A56335651E35260F0007C074 /* SettingsViewController.swift in Sources */ = {isa = PBXBuildFile; fileRef = A56335641E35260F0007C074 /* SettingsViewController.swift */; };
		A5EED1C01E348AC500535307 /* AppDelegate.swift in Sources */ = {isa = PBXBuildFile; fileRef = A5EED1BF1E348AC500535307 /* AppDelegate.swift */; };
		A5EED1C21E348AC500535307 /* ViewController.swift in Sources */ = {isa = PBXBuildFile; fileRef = A5EED1C11E348AC500535307 /* ViewController.swift */; };
		A5EED1C51E348AC500535307 /* Main.storyboard in Resources */ = {isa = PBXBuildFile; fileRef = A5EED1C31E348AC500535307 /* Main.storyboard */; };
		A5EED1C71E348AC500535307 /* Assets.xcassets in Resources */ = {isa = PBXBuildFile; fileRef = A5EED1C61E348AC500535307 /* Assets.xcassets */; };
		A5EED1CA1E348AC500535307 /* LaunchScreen.storyboard in Resources */ = {isa = PBXBuildFile; fileRef = A5EED1C81E348AC500535307 /* LaunchScreen.storyboard */; };
/* End PBXBuildFile section */

/* Begin PBXFileReference section */
		A56335571E35195C0007C074 /* ProgressViewController.swift */ = {isa = PBXFileReference; fileEncoding = 4; lastKnownFileType = sourcecode.swift; path = ProgressViewController.swift; sourceTree = "<group>"; };
		A563355A1E351A6C0007C074 /* dailyTableViewCell.swift */ = {isa = PBXFileReference; fileEncoding = 4; lastKnownFileType = sourcecode.swift; path = dailyTableViewCell.swift; sourceTree = "<group>"; };
		A563355C1E351EEA0007C074 /* weeklyTableViewCell.swift */ = {isa = PBXFileReference; fileEncoding = 4; lastKnownFileType = sourcecode.swift; path = weeklyTableViewCell.swift; sourceTree = "<group>"; };
		A563355E1E351EF80007C074 /* monthlyTableViewCell.swift */ = {isa = PBXFileReference; fileEncoding = 4; lastKnownFileType = sourcecode.swift; path = monthlyTableViewCell.swift; sourceTree = "<group>"; };
		A56335601E351F050007C074 /* yearlyTableViewCell.swift */ = {isa = PBXFileReference; fileEncoding = 4; lastKnownFileType = sourcecode.swift; path = yearlyTableViewCell.swift; sourceTree = "<group>"; };
		A56335621E3525E00007C074 /* inputViewController.swift */ = {isa = PBXFileReference; fileEncoding = 4; lastKnownFileType = sourcecode.swift; path = inputViewController.swift; sourceTree = "<group>"; };
		A56335641E35260F0007C074 /* SettingsViewController.swift */ = {isa = PBXFileReference; fileEncoding = 4; lastKnownFileType = sourcecode.swift; path = SettingsViewController.swift; sourceTree = "<group>"; };
		A5EED1BC1E348AC500535307 /* PushApp.app */ = {isa = PBXFileReference; explicitFileType = wrapper.application; includeInIndex = 0; path = PushApp.app; sourceTree = BUILT_PRODUCTS_DIR; };
		A5EED1BF1E348AC500535307 /* AppDelegate.swift */ = {isa = PBXFileReference; lastKnownFileType = sourcecode.swift; path = AppDelegate.swift; sourceTree = "<group>"; };
		A5EED1C11E348AC500535307 /* ViewController.swift */ = {isa = PBXFileReference; lastKnownFileType = sourcecode.swift; path = ViewController.swift; sourceTree = "<group>"; };
		A5EED1C41E348AC500535307 /* Base */ = {isa = PBXFileReference; lastKnownFileType = file.storyboard; name = Base; path = Base.lproj/Main.storyboard; sourceTree = "<group>"; };
		A5EED1C61E348AC500535307 /* Assets.xcassets */ = {isa = PBXFileReference; lastKnownFileType = folder.assetcatalog; path = Assets.xcassets; sourceTree = "<group>"; };
		A5EED1C91E348AC500535307 /* Base */ = {isa = PBXFileReference; lastKnownFileType = file.storyboard; name = Base; path = Base.lproj/LaunchScreen.storyboard; sourceTree = "<group>"; };
		A5EED1CB1E348AC500535307 /* Info.plist */ = {isa = PBXFileReference; lastKnownFileType = text.plist.xml; path = Info.plist; sourceTree = "<group>"; };
/* End PBXFileReference section */

/* Begin PBXFrameworksBuildPhase section */
		A5EED1B91E348AC500535307 /* Frameworks */ = {
			isa = PBXFrameworksBuildPhase;
			buildActionMask = 2147483647;
			files = (
			);
			runOnlyForDeploymentPostprocessing = 0;
		};
/* End PBXFrameworksBuildPhase section */

/* Begin PBXGroup section */
		A56335561E3518D90007C074 /* View Controllers */ = {
			isa = PBXGroup;
			children = (
				A5EED1C11E348AC500535307 /* ViewController.swift */,
				A56335571E35195C0007C074 /* ProgressViewController.swift */,
				A56335621E3525E00007C074 /* inputViewController.swift */,
				A56335641E35260F0007C074 /* SettingsViewController.swift */,
			);
			name = "View Controllers";
			sourceTree = "<group>";
		};
		A56335591E351A350007C074 /* Cells */ = {
			isa = PBXGroup;
			children = (
				A563355A1E351A6C0007C074 /* dailyTableViewCell.swift */,
				A563355C1E351EEA0007C074 /* weeklyTableViewCell.swift */,
				A563355E1E351EF80007C074 /* monthlyTableViewCell.swift */,
				A56335601E351F050007C074 /* yearlyTableViewCell.swift */,
			);
			name = Cells;
			sourceTree = "<group>";
		};
		A5EED1B31E348AC500535307 = {
			isa = PBXGroup;
			children = (
				A5EED1BE1E348AC500535307 /* PushApp */,
				A5EED1BD1E348AC500535307 /* Products */,
			);
			sourceTree = "<group>";
		};
		A5EED1BD1E348AC500535307 /* Products */ = {
			isa = PBXGroup;
			children = (
				A5EED1BC1E348AC500535307 /* PushApp.app */,
			);
			name = Products;
			sourceTree = "<group>";
		};
		A5EED1BE1E348AC500535307 /* PushApp */ = {
			isa = PBXGroup;
			children = (
				A56335591E351A350007C074 /* Cells */,
				A56335561E3518D90007C074 /* View Controllers */,
				A5EED1BF1E348AC500535307 /* AppDelegate.swift */,
				A5EED1C31E348AC500535307 /* Main.storyboard */,
				A5EED1C61E348AC500535307 /* Assets.xcassets */,
				A5EED1C81E348AC500535307 /* LaunchScreen.storyboard */,
				A5EED1CB1E348AC500535307 /* Info.plist */,
			);
			path = PushApp;
			sourceTree = "<group>";
		};
/* End PBXGroup section */

/* Begin PBXNativeTarget section */
		A5EED1BB1E348AC500535307 /* PushApp */ = {
			isa = PBXNativeTarget;
			buildConfigurationList = A5EED1CE1E348AC500535307 /* Build configuration list for PBXNativeTarget "PushApp" */;
			buildPhases = (
				A5EED1B81E348AC500535307 /* Sources */,
				A5EED1B91E348AC500535307 /* Frameworks */,
				A5EED1BA1E348AC500535307 /* Resources */,
			);
			buildRules = (
			);
			dependencies = (
			);
			name = PushApp;
			productName = PushApp;
			productReference = A5EED1BC1E348AC500535307 /* PushApp.app */;
			productType = "com.apple.product-type.application";
		};
/* End PBXNativeTarget section */

/* Begin PBXProject section */
		A5EED1B41E348AC500535307 /* Project object */ = {
			isa = PBXProject;
			attributes = {
				LastSwiftUpdateCheck = 0820;
				LastUpgradeCheck = 0820;
				ORGANIZATIONNAME = "Poojan Dave";
				TargetAttributes = {
					A5EED1BB1E348AC500535307 = {
						CreatedOnToolsVersion = 8.2.1;
						ProvisioningStyle = Automatic;
					};
				};
			};
			buildConfigurationList = A5EED1B71E348AC500535307 /* Build configuration list for PBXProject "PushApp" */;
			compatibilityVersion = "Xcode 3.2";
			developmentRegion = English;
			hasScannedForEncodings = 0;
			knownRegions = (
				en,
				Base,
			);
			mainGroup = A5EED1B31E348AC500535307;
			productRefGroup = A5EED1BD1E348AC500535307 /* Products */;
			projectDirPath = "";
			projectRoot = "";
			targets = (
				A5EED1BB1E348AC500535307 /* PushApp */,
			);
		};
/* End PBXProject section */

/* Begin PBXResourcesBuildPhase section */
		A5EED1BA1E348AC500535307 /* Resources */ = {
			isa = PBXResourcesBuildPhase;
			buildActionMask = 2147483647;
			files = (
				A5EED1CA1E348AC500535307 /* LaunchScreen.storyboard in Resources */,
				A5EED1C71E348AC500535307 /* Assets.xcassets in Resources */,
				A5EED1C51E348AC500535307 /* Main.storyboard in Resources */,
			);
			runOnlyForDeploymentPostprocessing = 0;
		};
/* End PBXResourcesBuildPhase section */

/* Begin PBXSourcesBuildPhase section */
		A5EED1B81E348AC500535307 /* Sources */ = {
			isa = PBXSourcesBuildPhase;
			buildActionMask = 2147483647;
			files = (
				A56335581E35195C0007C074 /* ProgressViewController.swift in Sources */,
				A563355F1E351EF80007C074 /* monthlyTableViewCell.swift in Sources */,
				A563355D1E351EEA0007C074 /* weeklyTableViewCell.swift in Sources */,
				A56335631E3525E00007C074 /* inputViewController.swift in Sources */,
				A563355B1E351A6C0007C074 /* dailyTableViewCell.swift in Sources */,
				A56335611E351F050007C074 /* yearlyTableViewCell.swift in Sources */,
				A5EED1C21E348AC500535307 /* ViewController.swift in Sources */,
				A5EED1C01E348AC500535307 /* AppDelegate.swift in Sources */,
				A56335651E35260F0007C074 /* SettingsViewController.swift in Sources */,
			);
			runOnlyForDeploymentPostprocessing = 0;
		};
/* End PBXSourcesBuildPhase section */

/* Begin PBXVariantGroup section */
		A5EED1C31E348AC500535307 /* Main.storyboard */ = {
			isa = PBXVariantGroup;
			children = (
				A5EED1C41E348AC500535307 /* Base */,
			);
			name = Main.storyboard;
			sourceTree = "<group>";
		};
		A5EED1C81E348AC500535307 /* LaunchScreen.storyboard */ = {
			isa = PBXVariantGroup;
			children = (
				A5EED1C91E348AC500535307 /* Base */,
			);
			name = LaunchScreen.storyboard;
			sourceTree = "<group>";
		};
/* End PBXVariantGroup section */

/* Begin XCBuildConfiguration section */
		A5EED1CC1E348AC500535307 /* Debug */ = {
			isa = XCBuildConfiguration;
			buildSettings = {
				ALWAYS_SEARCH_USER_PATHS = NO;
				CLANG_ANALYZER_NONNULL = YES;
				CLANG_CXX_LANGUAGE_STANDARD = "gnu++0x";
				CLANG_CXX_LIBRARY = "libc++";
				CLANG_ENABLE_MODULES = YES;
				CLANG_ENABLE_OBJC_ARC = YES;
				CLANG_WARN_BOOL_CONVERSION = YES;
				CLANG_WARN_CONSTANT_CONVERSION = YES;
				CLANG_WARN_DIRECT_OBJC_ISA_USAGE = YES_ERROR;
				CLANG_WARN_DOCUMENTATION_COMMENTS = YES;
				CLANG_WARN_EMPTY_BODY = YES;
				CLANG_WARN_ENUM_CONVERSION = YES;
				CLANG_WARN_INFINITE_RECURSION = YES;
				CLANG_WARN_INT_CONVERSION = YES;
				CLANG_WARN_OBJC_ROOT_CLASS = YES_ERROR;
				CLANG_WARN_SUSPICIOUS_MOVE = YES;
				CLANG_WARN_UNREACHABLE_CODE = YES;
				CLANG_WARN__DUPLICATE_METHOD_MATCH = YES;
				"CODE_SIGN_IDENTITY[sdk=iphoneos*]" = "iPhone Developer";
				COPY_PHASE_STRIP = NO;
				DEBUG_INFORMATION_FORMAT = dwarf;
				ENABLE_STRICT_OBJC_MSGSEND = YES;
				ENABLE_TESTABILITY = YES;
				GCC_C_LANGUAGE_STANDARD = gnu99;
				GCC_DYNAMIC_NO_PIC = NO;
				GCC_NO_COMMON_BLOCKS = YES;
				GCC_OPTIMIZATION_LEVEL = 0;
				GCC_PREPROCESSOR_DEFINITIONS = (
					"DEBUG=1",
					"$(inherited)",
				);
				GCC_WARN_64_TO_32_BIT_CONVERSION = YES;
				GCC_WARN_ABOUT_RETURN_TYPE = YES_ERROR;
				GCC_WARN_UNDECLARED_SELECTOR = YES;
				GCC_WARN_UNINITIALIZED_AUTOS = YES_AGGRESSIVE;
				GCC_WARN_UNUSED_FUNCTION = YES;
				GCC_WARN_UNUSED_VARIABLE = YES;
				IPHONEOS_DEPLOYMENT_TARGET = 10.2;
				MTL_ENABLE_DEBUG_INFO = YES;
				ONLY_ACTIVE_ARCH = YES;
				SDKROOT = iphoneos;
				SWIFT_ACTIVE_COMPILATION_CONDITIONS = DEBUG;
				SWIFT_OPTIMIZATION_LEVEL = "-Onone";
				TARGETED_DEVICE_FAMILY = "1,2";
			};
			name = Debug;
		};
		A5EED1CD1E348AC500535307 /* Release */ = {
			isa = XCBuildConfiguration;
			buildSettings = {
				ALWAYS_SEARCH_USER_PATHS = NO;
				CLANG_ANALYZER_NONNULL = YES;
				CLANG_CXX_LANGUAGE_STANDARD = "gnu++0x";
				CLANG_CXX_LIBRARY = "libc++";
				CLANG_ENABLE_MODULES = YES;
				CLANG_ENABLE_OBJC_ARC = YES;
				CLANG_WARN_BOOL_CONVERSION = YES;
				CLANG_WARN_CONSTANT_CONVERSION = YES;
				CLANG_WARN_DIRECT_OBJC_ISA_USAGE = YES_ERROR;
				CLANG_WARN_DOCUMENTATION_COMMENTS = YES;
				CLANG_WARN_EMPTY_BODY = YES;
				CLANG_WARN_ENUM_CONVERSION = YES;
				CLANG_WARN_INFINITE_RECURSION = YES;
				CLANG_WARN_INT_CONVERSION = YES;
				CLANG_WARN_OBJC_ROOT_CLASS = YES_ERROR;
				CLANG_WARN_SUSPICIOUS_MOVE = YES;
				CLANG_WARN_UNREACHABLE_CODE = YES;
				CLANG_WARN__DUPLICATE_METHOD_MATCH = YES;
				"CODE_SIGN_IDENTITY[sdk=iphoneos*]" = "iPhone Developer";
				COPY_PHASE_STRIP = NO;
				DEBUG_INFORMATION_FORMAT = "dwarf-with-dsym";
				ENABLE_NS_ASSERTIONS = NO;
				ENABLE_STRICT_OBJC_MSGSEND = YES;
				GCC_C_LANGUAGE_STANDARD = gnu99;
				GCC_NO_COMMON_BLOCKS = YES;
				GCC_WARN_64_TO_32_BIT_CONVERSION = YES;
				GCC_WARN_ABOUT_RETURN_TYPE = YES_ERROR;
				GCC_WARN_UNDECLARED_SELECTOR = YES;
				GCC_WARN_UNINITIALIZED_AUTOS = YES_AGGRESSIVE;
				GCC_WARN_UNUSED_FUNCTION = YES;
				GCC_WARN_UNUSED_VARIABLE = YES;
				IPHONEOS_DEPLOYMENT_TARGET = 10.2;
				MTL_ENABLE_DEBUG_INFO = NO;
				SDKROOT = iphoneos;
				SWIFT_OPTIMIZATION_LEVEL = "-Owholemodule";
				TARGETED_DEVICE_FAMILY = "1,2";
				VALIDATE_PRODUCT = YES;
			};
			name = Release;
		};
		A5EED1CF1E348AC500535307 /* Debug */ = {
			isa = XCBuildConfiguration;
			buildSettings = {
				ASSETCATALOG_COMPILER_APPICON_NAME = AppIcon;
				INFOPLIST_FILE = PushApp/Info.plist;
				LD_RUNPATH_SEARCH_PATHS = "$(inherited) @executable_path/Frameworks";
				PRODUCT_BUNDLE_IDENTIFIER = pdave.PushApp;
				PRODUCT_NAME = "$(TARGET_NAME)";
				SWIFT_VERSION = 3.0;
			};
			name = Debug;
		};
		A5EED1D01E348AC500535307 /* Release */ = {
			isa = XCBuildConfiguration;
			buildSettings = {
				ASSETCATALOG_COMPILER_APPICON_NAME = AppIcon;
				INFOPLIST_FILE = PushApp/Info.plist;
				LD_RUNPATH_SEARCH_PATHS = "$(inherited) @executable_path/Frameworks";
				PRODUCT_BUNDLE_IDENTIFIER = pdave.PushApp;
				PRODUCT_NAME = "$(TARGET_NAME)";
				SWIFT_VERSION = 3.0;
			};
			name = Release;
		};
/* End XCBuildConfiguration section */

/* Begin XCConfigurationList section */
		A5EED1B71E348AC500535307 /* Build configuration list for PBXProject "PushApp" */ = {
			isa = XCConfigurationList;
			buildConfigurations = (
				A5EED1CC1E348AC500535307 /* Debug */,
				A5EED1CD1E348AC500535307 /* Release */,
			);
			defaultConfigurationIsVisible = 0;
			defaultConfigurationName = Release;
		};
		A5EED1CE1E348AC500535307 /* Build configuration list for PBXNativeTarget "PushApp" */ = {
			isa = XCConfigurationList;
			buildConfigurations = (
				A5EED1CF1E348AC500535307 /* Debug */,
				A5EED1D01E348AC500535307 /* Release */,
			);
			defaultConfigurationIsVisible = 0;
			defaultConfigurationName = Release;
		};
/* End XCConfigurationList section */
	};
	rootObject = A5EED1B41E348AC500535307 /* Project object */;
}
